// !$*UTF8*$!
{
	archiveVersion = 1;
	classes = {
	};
	objectVersion = 46;
	objects = {

/* Begin PBXBuildFile section */
		E1BAC1E81D6C6A64009A15CA /* main.m in Sources */ = {isa = PBXBuildFile; fileRef = E1BAC1E71D6C6A64009A15CA /* main.m */; };
		E1BAC1EB1D6C6A64009A15CA /* AppDelegate.m in Sources */ = {isa = PBXBuildFile; fileRef = E1BAC1EA1D6C6A64009A15CA /* AppDelegate.m */; };
		E1BAC1EE1D6C6A64009A15CA /* ViewController.m in Sources */ = {isa = PBXBuildFile; fileRef = E1BAC1ED1D6C6A64009A15CA /* ViewController.m */; };
		E1BAC1F11D6C6A64009A15CA /* Main.storyboard in Resources */ = {isa = PBXBuildFile; fileRef = E1BAC1EF1D6C6A64009A15CA /* Main.storyboard */; };
		E1BAC1F31D6C6A64009A15CA /* Assets.xcassets in Resources */ = {isa = PBXBuildFile; fileRef = E1BAC1F21D6C6A64009A15CA /* Assets.xcassets */; };
		E1BAC1F61D6C6A64009A15CA /* LaunchScreen.storyboard in Resources */ = {isa = PBXBuildFile; fileRef = E1BAC1F41D6C6A64009A15CA /* LaunchScreen.storyboard */; };
		E1BAC1FF1D6C6AE0009A15CA /* ATDatabaseManager.m in Sources */ = {isa = PBXBuildFile; fileRef = E1BAC1FE1D6C6AE0009A15CA /* ATDatabaseManager.m */; };
		E1BAC2021D6C6AEF009A15CA /* Task.m in Sources */ = {isa = PBXBuildFile; fileRef = E1BAC2011D6C6AEF009A15CA /* Task.m */; };
		E1BAC2071D6C6E93009A15CA /* libsqlite3.tbd in Frameworks */ = {isa = PBXBuildFile; fileRef = E1BAC2061D6C6E93009A15CA /* libsqlite3.tbd */; };
		E1BAC20A1D6C7817009A15CA /* EditViewController.m in Sources */ = {isa = PBXBuildFile; fileRef = E1BAC2091D6C7817009A15CA /* EditViewController.m */; };
		E1BAC20C1D6C7E3D009A15CA /* TaskApp.sqlite in Resources */ = {isa = PBXBuildFile; fileRef = E1BAC20B1D6C7E3D009A15CA /* TaskApp.sqlite */; };
/* End PBXBuildFile section */

/* Begin PBXFileReference section */
		E1BAC1E31D6C6A64009A15CA /* ATToDoListSQLite.app */ = {isa = PBXFileReference; explicitFileType = wrapper.application; includeInIndex = 0; path = ATToDoListSQLite.app; sourceTree = BUILT_PRODUCTS_DIR; };
		E1BAC1E71D6C6A64009A15CA /* main.m */ = {isa = PBXFileReference; lastKnownFileType = sourcecode.c.objc; path = main.m; sourceTree = "<group>"; };
		E1BAC1E91D6C6A64009A15CA /* AppDelegate.h */ = {isa = PBXFileReference; lastKnownFileType = sourcecode.c.h; path = AppDelegate.h; sourceTree = "<group>"; };
		E1BAC1EA1D6C6A64009A15CA /* AppDelegate.m */ = {isa = PBXFileReference; lastKnownFileType = sourcecode.c.objc; path = AppDelegate.m; sourceTree = "<group>"; };
		E1BAC1EC1D6C6A64009A15CA /* ViewController.h */ = {isa = PBXFileReference; lastKnownFileType = sourcecode.c.h; path = ViewController.h; sourceTree = "<group>"; };
		E1BAC1ED1D6C6A64009A15CA /* ViewController.m */ = {isa = PBXFileReference; lastKnownFileType = sourcecode.c.objc; path = ViewController.m; sourceTree = "<group>"; };
		E1BAC1F01D6C6A64009A15CA /* Base */ = {isa = PBXFileReference; lastKnownFileType = file.storyboard; name = Base; path = Base.lproj/Main.storyboard; sourceTree = "<group>"; };
		E1BAC1F21D6C6A64009A15CA /* Assets.xcassets */ = {isa = PBXFileReference; lastKnownFileType = folder.assetcatalog; path = Assets.xcassets; sourceTree = "<group>"; };
		E1BAC1F51D6C6A64009A15CA /* Base */ = {isa = PBXFileReference; lastKnownFileType = file.storyboard; name = Base; path = Base.lproj/LaunchScreen.storyboard; sourceTree = "<group>"; };
		E1BAC1F71D6C6A64009A15CA /* Info.plist */ = {isa = PBXFileReference; lastKnownFileType = text.plist.xml; path = Info.plist; sourceTree = "<group>"; };
		E1BAC1FD1D6C6AE0009A15CA /* ATDatabaseManager.h */ = {isa = PBXFileReference; fileEncoding = 4; lastKnownFileType = sourcecode.c.h; path = ATDatabaseManager.h; sourceTree = "<group>"; };
		E1BAC1FE1D6C6AE0009A15CA /* ATDatabaseManager.m */ = {isa = PBXFileReference; fileEncoding = 4; lastKnownFileType = sourcecode.c.objc; path = ATDatabaseManager.m; sourceTree = "<group>"; };
		E1BAC2001D6C6AEF009A15CA /* Task.h */ = {isa = PBXFileReference; fileEncoding = 4; lastKnownFileType = sourcecode.c.h; path = Task.h; sourceTree = "<group>"; };
		E1BAC2011D6C6AEF009A15CA /* Task.m */ = {isa = PBXFileReference; fileEncoding = 4; lastKnownFileType = sourcecode.c.objc; path = Task.m; sourceTree = "<group>"; };
		E1BAC2031D6C6D19009A15CA /* AllConstants.h */ = {isa = PBXFileReference; lastKnownFileType = sourcecode.c.h; path = AllConstants.h; sourceTree = "<group>"; };
		E1BAC2061D6C6E93009A15CA /* libsqlite3.tbd */ = {isa = PBXFileReference; lastKnownFileType = "sourcecode.text-based-dylib-definition"; name = libsqlite3.tbd; path = usr/lib/libsqlite3.tbd; sourceTree = SDKROOT; };
		E1BAC2081D6C7817009A15CA /* EditViewController.h */ = {isa = PBXFileReference; fileEncoding = 4; lastKnownFileType = sourcecode.c.h; path = EditViewController.h; sourceTree = "<group>"; };
		E1BAC2091D6C7817009A15CA /* EditViewController.m */ = {isa = PBXFileReference; fileEncoding = 4; lastKnownFileType = sourcecode.c.objc; path = EditViewController.m; sourceTree = "<group>"; };
		E1BAC20B1D6C7E3D009A15CA /* TaskApp.sqlite */ = {isa = PBXFileReference; lastKnownFileType = file; path = TaskApp.sqlite; sourceTree = "<group>"; };
/* End PBXFileReference section */

/* Begin PBXFrameworksBuildPhase section */
		E1BAC1E01D6C6A64009A15CA /* Frameworks */ = {
			isa = PBXFrameworksBuildPhase;
			buildActionMask = 2147483647;
			files = (
				E1BAC2071D6C6E93009A15CA /* libsqlite3.tbd in Frameworks */,
			);
			runOnlyForDeploymentPostprocessing = 0;
		};
/* End PBXFrameworksBuildPhase section */

/* Begin PBXGroup section */
		E1BAC1DA1D6C6A63009A15CA = {
			isa = PBXGroup;
			children = (
				E1BAC2061D6C6E93009A15CA /* libsqlite3.tbd */,
				E1BAC1E51D6C6A64009A15CA /* ATToDoListSQLite */,
				E1BAC1E41D6C6A64009A15CA /* Products */,
			);
			sourceTree = "<group>";
		};
		E1BAC1E41D6C6A64009A15CA /* Products */ = {
			isa = PBXGroup;
			children = (
				E1BAC1E31D6C6A64009A15CA /* ATToDoListSQLite.app */,
			);
			name = Products;
			sourceTree = "<group>";
		};
		E1BAC1E51D6C6A64009A15CA /* ATToDoListSQLite */ = {
			isa = PBXGroup;
			children = (
				E1BAC20B1D6C7E3D009A15CA /* TaskApp.sqlite */,
				E1BAC2031D6C6D19009A15CA /* AllConstants.h */,
				E1BAC2001D6C6AEF009A15CA /* Task.h */,
				E1BAC2011D6C6AEF009A15CA /* Task.m */,
				E1BAC1FD1D6C6AE0009A15CA /* ATDatabaseManager.h */,
				E1BAC1FE1D6C6AE0009A15CA /* ATDatabaseManager.m */,
				E1BAC1E91D6C6A64009A15CA /* AppDelegate.h */,
				E1BAC1EA1D6C6A64009A15CA /* AppDelegate.m */,
				E1BAC1EC1D6C6A64009A15CA /* ViewController.h */,
				E1BAC1ED1D6C6A64009A15CA /* ViewController.m */,
				E1BAC1EF1D6C6A64009A15CA /* Main.storyboard */,
				E1BAC2081D6C7817009A15CA /* EditViewController.h */,
				E1BAC2091D6C7817009A15CA /* EditViewController.m */,
				E1BAC1F21D6C6A64009A15CA /* Assets.xcassets */,
				E1BAC1F41D6C6A64009A15CA /* LaunchScreen.storyboard */,
				E1BAC1F71D6C6A64009A15CA /* Info.plist */,
				E1BAC1E61D6C6A64009A15CA /* Supporting Files */,
			);
			path = ATToDoListSQLite;
			sourceTree = "<group>";
		};
		E1BAC1E61D6C6A64009A15CA /* Supporting Files */ = {
			isa = PBXGroup;
			children = (
				E1BAC1E71D6C6A64009A15CA /* main.m */,
			);
			name = "Supporting Files";
			sourceTree = "<group>";
		};
/* End PBXGroup section */

/* Begin PBXNativeTarget section */
		E1BAC1E21D6C6A64009A15CA /* ATToDoListSQLite */ = {
			isa = PBXNativeTarget;
			buildConfigurationList = E1BAC1FA1D6C6A64009A15CA /* Build configuration list for PBXNativeTarget "ATToDoListSQLite" */;
			buildPhases = (
				E1BAC1DF1D6C6A64009A15CA /* Sources */,
				E1BAC1E01D6C6A64009A15CA /* Frameworks */,
				E1BAC1E11D6C6A64009A15CA /* Resources */,
			);
			buildRules = (
			);
			dependencies = (
			);
			name = ATToDoListSQLite;
			productName = ATToDoListSQLite;
			productReference = E1BAC1E31D6C6A64009A15CA /* ATToDoListSQLite.app */;
			productType = "com.apple.product-type.application";
		};
/* End PBXNativeTarget section */

/* Begin PBXProject section */
		E1BAC1DB1D6C6A63009A15CA /* Project object */ = {
			isa = PBXProject;
			attributes = {
				LastUpgradeCheck = 0730;
				ORGANIZATIONNAME = "Aashish Tamsya";
				TargetAttributes = {
					E1BAC1E21D6C6A64009A15CA = {
						CreatedOnToolsVersion = 7.3.1;
					};
				};
			};
			buildConfigurationList = E1BAC1DE1D6C6A63009A15CA /* Build configuration list for PBXProject "ATToDoListSQLite" */;
			compatibilityVersion = "Xcode 3.2";
			developmentRegion = English;
			hasScannedForEncodings = 0;
			knownRegions = (
				en,
				Base,
			);
			mainGroup = E1BAC1DA1D6C6A63009A15CA;
			productRefGroup = E1BAC1E41D6C6A64009A15CA /* Products */;
			projectDirPath = "";
			projectRoot = "";
			targets = (
				E1BAC1E21D6C6A64009A15CA /* ATToDoListSQLite */,
			);
		};
/* End PBXProject section */

/* Begin PBXResourcesBuildPhase section */
		E1BAC1E11D6C6A64009A15CA /* Resources */ = {
			isa = PBXResourcesBuildPhase;
			buildActionMask = 2147483647;
			files = (
				E1BAC1F61D6C6A64009A15CA /* LaunchScreen.storyboard in Resources */,
				E1BAC1F31D6C6A64009A15CA /* Assets.xcassets in Resources */,
				E1BAC20C1D6C7E3D009A15CA /* TaskApp.sqlite in Resources */,
				E1BAC1F11D6C6A64009A15CA /* Main.storyboard in Resources */,
			);
			runOnlyForDeploymentPostprocessing = 0;
		};
/* End PBXResourcesBuildPhase section */

/* Begin PBXSourcesBuildPhase section */
		E1BAC1DF1D6C6A64009A15CA /* Sources */ = {
			isa = PBXSourcesBuildPhase;
			buildActionMask = 2147483647;
			files = (
				E1BAC2021D6C6AEF009A15CA /* Task.m in Sources */,
				E1BAC1EE1D6C6A64009A15CA /* ViewController.m in Sources */,
				E1BAC1EB1D6C6A64009A15CA /* AppDelegate.m in Sources */,
				E1BAC1E81D6C6A64009A15CA /* main.m in Sources */,
				E1BAC20A1D6C7817009A15CA /* EditViewController.m in Sources */,
				E1BAC1FF1D6C6AE0009A15CA /* ATDatabaseManager.m in Sources */,
			);
			runOnlyForDeploymentPostprocessing = 0;
		};
/* End PBXSourcesBuildPhase section */

/* Begin PBXVariantGroup section */
		E1BAC1EF1D6C6A64009A15CA /* Main.storyboard */ = {
			isa = PBXVariantGroup;
			children = (
				E1BAC1F01D6C6A64009A15CA /* Base */,
			);
			name = Main.storyboard;
			sourceTree = "<group>";
		};
		E1BAC1F41D6C6A64009A15CA /* LaunchScreen.storyboard */ = {
			isa = PBXVariantGroup;
			children = (
				E1BAC1F51D6C6A64009A15CA /* Base */,
			);
			name = LaunchScreen.storyboard;
			sourceTree = "<group>";
		};
/* End PBXVariantGroup section */

/* Begin XCBuildConfiguration section */
		E1BAC1F81D6C6A64009A15CA /* Debug */ = {
			isa = XCBuildConfiguration;
			buildSettings = {
				ALWAYS_SEARCH_USER_PATHS = NO;
				CLANG_ANALYZER_NONNULL = YES;
				CLANG_CXX_LANGUAGE_STANDARD = "gnu++0x";
				CLANG_CXX_LIBRARY = "libc++";
				CLANG_ENABLE_MODULES = YES;
				CLANG_ENABLE_OBJC_ARC = YES;
				CLANG_WARN_BOOL_CONVERSION = YES;
				CLANG_WARN_CONSTANT_CONVERSION = YES;
				CLANG_WARN_DIRECT_OBJC_ISA_USAGE = YES_ERROR;
				CLANG_WARN_EMPTY_BODY = YES;
				CLANG_WARN_ENUM_CONVERSION = YES;
				CLANG_WARN_INT_CONVERSION = YES;
				CLANG_WARN_OBJC_ROOT_CLASS = YES_ERROR;
				CLANG_WARN_UNREACHABLE_CODE = YES;
				CLANG_WARN__DUPLICATE_METHOD_MATCH = YES;
				"CODE_SIGN_IDENTITY[sdk=iphoneos*]" = "iPhone Developer";
				COPY_PHASE_STRIP = NO;
				DEBUG_INFORMATION_FORMAT = dwarf;
				ENABLE_STRICT_OBJC_MSGSEND = YES;
				ENABLE_TESTABILITY = YES;
				GCC_C_LANGUAGE_STANDARD = gnu99;
				GCC_DYNAMIC_NO_PIC = NO;
				GCC_NO_COMMON_BLOCKS = YES;
				GCC_OPTIMIZATION_LEVEL = 0;
				GCC_PREPROCESSOR_DEFINITIONS = (
					"DEBUG=1",
					"$(inherited)",
				);
				GCC_WARN_64_TO_32_BIT_CONVERSION = YES;
				GCC_WARN_ABOUT_RETURN_TYPE = YES_ERROR;
				GCC_WARN_UNDECLARED_SELECTOR = YES;
				GCC_WARN_UNINITIALIZED_AUTOS = YES_AGGRESSIVE;
				GCC_WARN_UNUSED_FUNCTION = YES;
				GCC_WARN_UNUSED_VARIABLE = YES;
				IPHONEOS_DEPLOYMENT_TARGET = 9.3;
				MTL_ENABLE_DEBUG_INFO = YES;
				ONLY_ACTIVE_ARCH = YES;
				SDKROOT = iphoneos;
				TARGETED_DEVICE_FAMILY = "1,2";
			};
			name = Debug;
		};
		E1BAC1F91D6C6A64009A15CA /* Release */ = {
			isa = XCBuildConfiguration;
			buildSettings = {
				ALWAYS_SEARCH_USER_PATHS = NO;
				CLANG_ANALYZER_NONNULL = YES;
				CLANG_CXX_LANGUAGE_STANDARD = "gnu++0x";
				CLANG_CXX_LIBRARY = "libc++";
				CLANG_ENABLE_MODULES = YES;
				CLANG_ENABLE_OBJC_ARC = YES;
				CLANG_WARN_BOOL_CONVERSION = YES;
				CLANG_WARN_CONSTANT_CONVERSION = YES;
				CLANG_WARN_DIRECT_OBJC_ISA_USAGE = YES_ERROR;
				CLANG_WARN_EMPTY_BODY = YES;
				CLANG_WARN_ENUM_CONVERSION = YES;
				CLANG_WARN_INT_CONVERSION = YES;
				CLANG_WARN_OBJC_ROOT_CLASS = YES_ERROR;
				CLANG_WARN_UNREACHABLE_CODE = YES;
				CLANG_WARN__DUPLICATE_METHOD_MATCH = YES;
				"CODE_SIGN_IDENTITY[sdk=iphoneos*]" = "iPhone Developer";
				COPY_PHASE_STRIP = NO;
				DEBUG_INFORMATION_FORMAT = "dwarf-with-dsym";
				ENABLE_NS_ASSERTIONS = NO;
				ENABLE_STRICT_OBJC_MSGSEND = YES;
				GCC_C_LANGUAGE_STANDARD = gnu99;
				GCC_NO_COMMON_BLOCKS = YES;
				GCC_WARN_64_TO_32_BIT_CONVERSION = YES;
				GCC_WARN_ABOUT_RETURN_TYPE = YES_ERROR;
				GCC_WARN_UNDECLARED_SELECTOR = YES;
				GCC_WARN_UNINITIALIZED_AUTOS = YES_AGGRESSIVE;
				GCC_WARN_UNUSED_FUNCTION = YES;
				GCC_WARN_UNUSED_VARIABLE = YES;
				IPHONEOS_DEPLOYMENT_TARGET = 9.3;
				MTL_ENABLE_DEBUG_INFO = NO;
				SDKROOT = iphoneos;
				TARGETED_DEVICE_FAMILY = "1,2";
				VALIDATE_PRODUCT = YES;
			};
			name = Release;
		};
		E1BAC1FB1D6C6A64009A15CA /* Debug */ = {
			isa = XCBuildConfiguration;
			buildSettings = {
				ASSETCATALOG_COMPILER_APPICON_NAME = AppIcon;
				INFOPLIST_FILE = ATToDoListSQLite/Info.plist;
				LD_RUNPATH_SEARCH_PATHS = "$(inherited) @executable_path/Frameworks";
				PRODUCT_BUNDLE_IDENTIFIER = com.aashishtamsya.ATToDoListSQLite;
				PRODUCT_NAME = "$(TARGET_NAME)";
			};
			name = Debug;
		};
		E1BAC1FC1D6C6A64009A15CA /* Release */ = {
			isa = XCBuildConfiguration;
			buildSettings = {
				ASSETCATALOG_COMPILER_APPICON_NAME = AppIcon;
				INFOPLIST_FILE = ATToDoListSQLite/Info.plist;
				LD_RUNPATH_SEARCH_PATHS = "$(inherited) @executable_path/Frameworks";
				PRODUCT_BUNDLE_IDENTIFIER = com.aashishtamsya.ATToDoListSQLite;
				PRODUCT_NAME = "$(TARGET_NAME)";
			};
			name = Release;
		};
/* End XCBuildConfiguration section */

/* Begin XCConfigurationList section */
		E1BAC1DE1D6C6A63009A15CA /* Build configuration list for PBXProject "ATToDoListSQLite" */ = {
			isa = XCConfigurationList;
			buildConfigurations = (
				E1BAC1F81D6C6A64009A15CA /* Debug */,
				E1BAC1F91D6C6A64009A15CA /* Release */,
			);
			defaultConfigurationIsVisible = 0;
			defaultConfigurationName = Release;
		};
		E1BAC1FA1D6C6A64009A15CA /* Build configuration list for PBXNativeTarget "ATToDoListSQLite" */ = {
			isa = XCConfigurationList;
			buildConfigurations = (
				E1BAC1FB1D6C6A64009A15CA /* Debug */,
				E1BAC1FC1D6C6A64009A15CA /* Release */,
			);
			defaultConfigurationIsVisible = 0;
		};
/* End XCConfigurationList section */
	};
	rootObject = E1BAC1DB1D6C6A63009A15CA /* Project object */;
}
